// !$*UTF8*$!
{
	archiveVersion = 1;
	classes = {
	};
	objectVersion = 46;
	objects = {

/* Begin PBXBuildFile section */
		B377AEE01CAF0738000C974E /* AppDelegate.swift in Sources */ = {isa = PBXBuildFile; fileRef = B377AEDF1CAF0738000C974E /* AppDelegate.swift */; };
		B377AEE21CAF0738000C974E /* ViewController.swift in Sources */ = {isa = PBXBuildFile; fileRef = B377AEE11CAF0738000C974E /* ViewController.swift */; };
		B377AEE51CAF0738000C974E /* Main.storyboard in Resources */ = {isa = PBXBuildFile; fileRef = B377AEE31CAF0738000C974E /* Main.storyboard */; };
		B377AEE71CAF0738000C974E /* Assets.xcassets in Resources */ = {isa = PBXBuildFile; fileRef = B377AEE61CAF0738000C974E /* Assets.xcassets */; };
		B377AEEA1CAF0738000C974E /* LaunchScreen.storyboard in Resources */ = {isa = PBXBuildFile; fileRef = B377AEE81CAF0738000C974E /* LaunchScreen.storyboard */; };
		B377AEF51CAF0738000C974E /* Challenge2Tests.swift in Sources */ = {isa = PBXBuildFile; fileRef = B377AEF41CAF0738000C974E /* Challenge2Tests.swift */; };
/* End PBXBuildFile section */

/* Begin PBXContainerItemProxy section */
		B377AEF11CAF0738000C974E /* PBXContainerItemProxy */ = {
			isa = PBXContainerItemProxy;
			containerPortal = B377AED41CAF0738000C974E /* Project object */;
			proxyType = 1;
			remoteGlobalIDString = B377AEDB1CAF0738000C974E;
			remoteInfo = Challenge2;
		};
/* End PBXContainerItemProxy section */

/* Begin PBXFileReference section */
		B377AEDC1CAF0738000C974E /* Challenge2.app */ = {isa = PBXFileReference; explicitFileType = wrapper.application; includeInIndex = 0; path = Challenge2.app; sourceTree = BUILT_PRODUCTS_DIR; };
		B377AEDF1CAF0738000C974E /* AppDelegate.swift */ = {isa = PBXFileReference; lastKnownFileType = sourcecode.swift; path = AppDelegate.swift; sourceTree = "<group>"; };
		B377AEE11CAF0738000C974E /* ViewController.swift */ = {isa = PBXFileReference; lastKnownFileType = sourcecode.swift; path = ViewController.swift; sourceTree = "<group>"; };
		B377AEE41CAF0738000C974E /* Base */ = {isa = PBXFileReference; lastKnownFileType = file.storyboard; name = Base; path = Base.lproj/Main.storyboard; sourceTree = "<group>"; };
		B377AEE61CAF0738000C974E /* Assets.xcassets */ = {isa = PBXFileReference; lastKnownFileType = folder.assetcatalog; path = Assets.xcassets; sourceTree = "<group>"; };
		B377AEE91CAF0738000C974E /* Base */ = {isa = PBXFileReference; lastKnownFileType = file.storyboard; name = Base; path = Base.lproj/LaunchScreen.storyboard; sourceTree = "<group>"; };
		B377AEEB1CAF0738000C974E /* Info.plist */ = {isa = PBXFileReference; lastKnownFileType = text.plist.xml; path = Info.plist; sourceTree = "<group>"; };
		B377AEF01CAF0738000C974E /* Challenge2Tests.xctest */ = {isa = PBXFileReference; explicitFileType = wrapper.cfbundle; includeInIndex = 0; path = Challenge2Tests.xctest; sourceTree = BUILT_PRODUCTS_DIR; };
		B377AEF41CAF0738000C974E /* Challenge2Tests.swift */ = {isa = PBXFileReference; lastKnownFileType = sourcecode.swift; path = Challenge2Tests.swift; sourceTree = "<group>"; };
		B377AEF61CAF0738000C974E /* Info.plist */ = {isa = PBXFileReference; lastKnownFileType = text.plist.xml; path = Info.plist; sourceTree = "<group>"; };
/* End PBXFileReference section */

/* Begin PBXFrameworksBuildPhase section */
		B377AED91CAF0738000C974E /* Frameworks */ = {
			isa = PBXFrameworksBuildPhase;
			buildActionMask = 2147483647;
			files = (
			);
			runOnlyForDeploymentPostprocessing = 0;
		};
		B377AEED1CAF0738000C974E /* Frameworks */ = {
			isa = PBXFrameworksBuildPhase;
			buildActionMask = 2147483647;
			files = (
			);
			runOnlyForDeploymentPostprocessing = 0;
		};
/* End PBXFrameworksBuildPhase section */

/* Begin PBXGroup section */
		B377AED31CAF0738000C974E = {
			isa = PBXGroup;
			children = (
				B377AEDE1CAF0738000C974E /* Challenge2 */,
				B377AEF31CAF0738000C974E /* Challenge2Tests */,
				B377AEDD1CAF0738000C974E /* Products */,
			);
			sourceTree = "<group>";
		};
		B377AEDD1CAF0738000C974E /* Products */ = {
			isa = PBXGroup;
			children = (
				B377AEDC1CAF0738000C974E /* Challenge2.app */,
				B377AEF01CAF0738000C974E /* Challenge2Tests.xctest */,
			);
			name = Products;
			sourceTree = "<group>";
		};
		B377AEDE1CAF0738000C974E /* Challenge2 */ = {
			isa = PBXGroup;
			children = (
				B377AEDF1CAF0738000C974E /* AppDelegate.swift */,
				B377AEE11CAF0738000C974E /* ViewController.swift */,
				B377AEE31CAF0738000C974E /* Main.storyboard */,
				B377AEE61CAF0738000C974E /* Assets.xcassets */,
				B377AEE81CAF0738000C974E /* LaunchScreen.storyboard */,
				B377AEEB1CAF0738000C974E /* Info.plist */,
			);
			path = Challenge2;
			sourceTree = "<group>";
		};
		B377AEF31CAF0738000C974E /* Challenge2Tests */ = {
			isa = PBXGroup;
			children = (
				B377AEF41CAF0738000C974E /* Challenge2Tests.swift */,
				B377AEF61CAF0738000C974E /* Info.plist */,
			);
			path = Challenge2Tests;
			sourceTree = "<group>";
		};
/* End PBXGroup section */

/* Begin PBXNativeTarget section */
		B377AEDB1CAF0738000C974E /* Challenge2 */ = {
			isa = PBXNativeTarget;
			buildConfigurationList = B377AEF91CAF0738000C974E /* Build configuration list for PBXNativeTarget "Challenge2" */;
			buildPhases = (
				B377AED81CAF0738000C974E /* Sources */,
				B377AED91CAF0738000C974E /* Frameworks */,
				B377AEDA1CAF0738000C974E /* Resources */,
			);
			buildRules = (
			);
			dependencies = (
			);
			name = Challenge2;
			productName = Challenge2;
			productReference = B377AEDC1CAF0738000C974E /* Challenge2.app */;
			productType = "com.apple.product-type.application";
		};
		B377AEEF1CAF0738000C974E /* Challenge2Tests */ = {
			isa = PBXNativeTarget;
			buildConfigurationList = B377AEFC1CAF0738000C974E /* Build configuration list for PBXNativeTarget "Challenge2Tests" */;
			buildPhases = (
				B377AEEC1CAF0738000C974E /* Sources */,
				B377AEED1CAF0738000C974E /* Frameworks */,
				B377AEEE1CAF0738000C974E /* Resources */,
			);
			buildRules = (
			);
			dependencies = (
				B377AEF21CAF0738000C974E /* PBXTargetDependency */,
			);
			name = Challenge2Tests;
			productName = Challenge2Tests;
			productReference = B377AEF01CAF0738000C974E /* Challenge2Tests.xctest */;
			productType = "com.apple.product-type.bundle.unit-test";
		};
/* End PBXNativeTarget section */

/* Begin PBXProject section */
		B377AED41CAF0738000C974E /* Project object */ = {
			isa = PBXProject;
			attributes = {
				LastSwiftUpdateCheck = 0730;
				LastUpgradeCheck = 0730;
				ORGANIZATIONNAME = Jane;
				TargetAttributes = {
					B377AEDB1CAF0738000C974E = {
						CreatedOnToolsVersion = 7.3;
					};
					B377AEEF1CAF0738000C974E = {
						CreatedOnToolsVersion = 7.3;
						TestTargetID = B377AEDB1CAF0738000C974E;
					};
				};
			};
			buildConfigurationList = B377AED71CAF0738000C974E /* Build configuration list for PBXProject "Challenge2" */;
			compatibilityVersion = "Xcode 3.2";
			developmentRegion = English;
			hasScannedForEncodings = 0;
			knownRegions = (
				en,
				Base,
			);
			mainGroup = B377AED31CAF0738000C974E;
			productRefGroup = B377AEDD1CAF0738000C974E /* Products */;
			projectDirPath = "";
			projectRoot = "";
			targets = (
				B377AEDB1CAF0738000C974E /* Challenge2 */,
				B377AEEF1CAF0738000C974E /* Challenge2Tests */,
			);
		};
/* End PBXProject section */

/* Begin PBXResourcesBuildPhase section */
		B377AEDA1CAF0738000C974E /* Resources */ = {
			isa = PBXResourcesBuildPhase;
			buildActionMask = 2147483647;
			files = (
				B377AEEA1CAF0738000C974E /* LaunchScreen.storyboard in Resources */,
				B377AEE71CAF0738000C974E /* Assets.xcassets in Resources */,
				B377AEE51CAF0738000C974E /* Main.storyboard in Resources */,
			);
			runOnlyForDeploymentPostprocessing = 0;
		};
		B377AEEE1CAF0738000C974E /* Resources */ = {
			isa = PBXResourcesBuildPhase;
			buildActionMask = 2147483647;
			files = (
			);
			runOnlyForDeploymentPostprocessing = 0;
		};
/* End PBXResourcesBuildPhase section */

/* Begin PBXSourcesBuildPhase section */
		B377AED81CAF0738000C974E /* Sources */ = {
			isa = PBXSourcesBuildPhase;
			buildActionMask = 2147483647;
			files = (
				B377AEE21CAF0738000C974E /* ViewController.swift in Sources */,
				B377AEE01CAF0738000C974E /* AppDelegate.swift in Sources */,
			);
			runOnlyForDeploymentPostprocessing = 0;
		};
		B377AEEC1CAF0738000C974E /* Sources */ = {
			isa = PBXSourcesBuildPhase;
			buildActionMask = 2147483647;
			files = (
				B377AEF51CAF0738000C974E /* Challenge2Tests.swift in Sources */,
			);
			runOnlyForDeploymentPostprocessing = 0;
		};
/* End PBXSourcesBuildPhase section */

/* Begin PBXTargetDependency section */
		B377AEF21CAF0738000C974E /* PBXTargetDependency */ = {
			isa = PBXTargetDependency;
			target = B377AEDB1CAF0738000C974E /* Challenge2 */;
			targetProxy = B377AEF11CAF0738000C974E /* PBXContainerItemProxy */;
		};
/* End PBXTargetDependency section */

/* Begin PBXVariantGroup section */
		B377AEE31CAF0738000C974E /* Main.storyboard */ = {
			isa = PBXVariantGroup;
			children = (
				B377AEE41CAF0738000C974E /* Base */,
			);
			name = Main.storyboard;
			sourceTree = "<group>";
		};
		B377AEE81CAF0738000C974E /* LaunchScreen.storyboard */ = {
			isa = PBXVariantGroup;
			children = (
				B377AEE91CAF0738000C974E /* Base */,
			);
			name = LaunchScreen.storyboard;
			sourceTree = "<group>";
		};
/* End PBXVariantGroup section */

/* Begin XCBuildConfiguration section */
		B377AEF71CAF0738000C974E /* Debug */ = {
			isa = XCBuildConfiguration;
			buildSettings = {
				ALWAYS_SEARCH_USER_PATHS = NO;
				CLANG_ANALYZER_NONNULL = YES;
				CLANG_CXX_LANGUAGE_STANDARD = "gnu++0x";
				CLANG_CXX_LIBRARY = "libc++";
				CLANG_ENABLE_MODULES = YES;
				CLANG_ENABLE_OBJC_ARC = YES;
				CLANG_WARN_BOOL_CONVERSION = YES;
				CLANG_WARN_CONSTANT_CONVERSION = YES;
				CLANG_WARN_DIRECT_OBJC_ISA_USAGE = YES_ERROR;
				CLANG_WARN_EMPTY_BODY = YES;
				CLANG_WARN_ENUM_CONVERSION = YES;
				CLANG_WARN_INT_CONVERSION = YES;
				CLANG_WARN_OBJC_ROOT_CLASS = YES_ERROR;
				CLANG_WARN_UNREACHABLE_CODE = YES;
				CLANG_WARN__DUPLICATE_METHOD_MATCH = YES;
				"CODE_SIGN_IDENTITY[sdk=iphoneos*]" = "iPhone Developer";
				COPY_PHASE_STRIP = NO;
				DEBUG_INFORMATION_FORMAT = dwarf;
				ENABLE_STRICT_OBJC_MSGSEND = YES;
				ENABLE_TESTABILITY = YES;
				GCC_C_LANGUAGE_STANDARD = gnu99;
				GCC_DYNAMIC_NO_PIC = NO;
				GCC_NO_COMMON_BLOCKS = YES;
				GCC_OPTIMIZATION_LEVEL = 0;
				GCC_PREPROCESSOR_DEFINITIONS = (
					"DEBUG=1",
					"$(inherited)",
				);
				GCC_WARN_64_TO_32_BIT_CONVERSION = YES;
				GCC_WARN_ABOUT_RETURN_TYPE = YES_ERROR;
				GCC_WARN_UNDECLARED_SELECTOR = YES;
				GCC_WARN_UNINITIALIZED_AUTOS = YES_AGGRESSIVE;
				GCC_WARN_UNUSED_FUNCTION = YES;
				GCC_WARN_UNUSED_VARIABLE = YES;
				IPHONEOS_DEPLOYMENT_TARGET = 9.3;
				MTL_ENABLE_DEBUG_INFO = YES;
				ONLY_ACTIVE_ARCH = YES;
				SDKROOT = iphoneos;
				SWIFT_OPTIMIZATION_LEVEL = "-Onone";
				TARGETED_DEVICE_FAMILY = "1,2";
			};
			name = Debug;
		};
		B377AEF81CAF0738000C974E /* Release */ = {
			isa = XCBuildConfiguration;
			buildSettings = {
				ALWAYS_SEARCH_USER_PATHS = NO;
				CLANG_ANALYZER_NONNULL = YES;
				CLANG_CXX_LANGUAGE_STANDARD = "gnu++0x";
				CLANG_CXX_LIBRARY = "libc++";
				CLANG_ENABLE_MODULES = YES;
				CLANG_ENABLE_OBJC_ARC = YES;
				CLANG_WARN_BOOL_CONVERSION = YES;
				CLANG_WARN_CONSTANT_CONVERSION = YES;
				CLANG_WARN_DIRECT_OBJC_ISA_USAGE = YES_ERROR;
				CLANG_WARN_EMPTY_BODY = YES;
				CLANG_WARN_ENUM_CONVERSION = YES;
				CLANG_WARN_INT_CONVERSION = YES;
				CLANG_WARN_OBJC_ROOT_CLASS = YES_ERROR;
				CLANG_WARN_UNREACHABLE_CODE = YES;
				CLANG_WARN__DUPLICATE_METHOD_MATCH = YES;
				"CODE_SIGN_IDENTITY[sdk=iphoneos*]" = "iPhone Developer";
				COPY_PHASE_STRIP = NO;
				DEBUG_INFORMATION_FORMAT = "dwarf-with-dsym";
				ENABLE_NS_ASSERTIONS = NO;
				ENABLE_STRICT_OBJC_MSGSEND = YES;
				GCC_C_LANGUAGE_STANDARD = gnu99;
				GCC_NO_COMMON_BLOCKS = YES;
				GCC_WARN_64_TO_32_BIT_CONVERSION = YES;
				GCC_WARN_ABOUT_RETURN_TYPE = YES_ERROR;
				GCC_WARN_UNDECLARED_SELECTOR = YES;
				GCC_WARN_UNINITIALIZED_AUTOS = YES_AGGRESSIVE;
				GCC_WARN_UNUSED_FUNCTION = YES;
				GCC_WARN_UNUSED_VARIABLE = YES;
				IPHONEOS_DEPLOYMENT_TARGET = 9.3;
				MTL_ENABLE_DEBUG_INFO = NO;
				SDKROOT = iphoneos;
				TARGETED_DEVICE_FAMILY = "1,2";
				VALIDATE_PRODUCT = YES;
			};
			name = Release;
		};
		B377AEFA1CAF0738000C974E /* Debug */ = {
			isa = XCBuildConfiguration;
			buildSettings = {
				ASSETCATALOG_COMPILER_APPICON_NAME = AppIcon;
				INFOPLIST_FILE = Challenge2/Info.plist;
				LD_RUNPATH_SEARCH_PATHS = "$(inherited) @executable_path/Frameworks";
				PRODUCT_BUNDLE_IDENTIFIER = com.jane.Challenge2;
				PRODUCT_NAME = "$(TARGET_NAME)";
			};
			name = Debug;
		};
		B377AEFB1CAF0738000C974E /* Release */ = {
			isa = XCBuildConfiguration;
			buildSettings = {
				ASSETCATALOG_COMPILER_APPICON_NAME = AppIcon;
				INFOPLIST_FILE = Challenge2/Info.plist;
				LD_RUNPATH_SEARCH_PATHS = "$(inherited) @executable_path/Frameworks";
				PRODUCT_BUNDLE_IDENTIFIER = com.jane.Challenge2;
				PRODUCT_NAME = "$(TARGET_NAME)";
			};
			name = Release;
		};
		B377AEFD1CAF0738000C974E /* Debug */ = {
			isa = XCBuildConfiguration;
			buildSettings = {
				BUNDLE_LOADER = "$(TEST_HOST)";
				INFOPLIST_FILE = Challenge2Tests/Info.plist;
				LD_RUNPATH_SEARCH_PATHS = "$(inherited) @executable_path/Frameworks @loader_path/Frameworks";
				PRODUCT_BUNDLE_IDENTIFIER = com.jane.Challenge2Tests;
				PRODUCT_NAME = "$(TARGET_NAME)";
				TEST_HOST = "$(BUILT_PRODUCTS_DIR)/Challenge2.app/Challenge2";
			};
			name = Debug;
		};
		B377AEFE1CAF0738000C974E /* Release */ = {
			isa = XCBuildConfiguration;
			buildSettings = {
				BUNDLE_LOADER = "$(TEST_HOST)";
				INFOPLIST_FILE = Challenge2Tests/Info.plist;
				LD_RUNPATH_SEARCH_PATHS = "$(inherited) @executable_path/Frameworks @loader_path/Frameworks";
				PRODUCT_BUNDLE_IDENTIFIER = com.jane.Challenge2Tests;
				PRODUCT_NAME = "$(TARGET_NAME)";
				TEST_HOST = "$(BUILT_PRODUCTS_DIR)/Challenge2.app/Challenge2";
			};
			name = Release;
		};
/* End XCBuildConfiguration section */

/* Begin XCConfigurationList section */
		B377AED71CAF0738000C974E /* Build configuration list for PBXProject "Challenge2" */ = {
			isa = XCConfigurationList;
			buildConfigurations = (
				B377AEF71CAF0738000C974E /* Debug */,
				B377AEF81CAF0738000C974E /* Release */,
			);
			defaultConfigurationIsVisible = 0;
			defaultConfigurationName = Release;
		};
		B377AEF91CAF0738000C974E /* Build configuration list for PBXNativeTarget "Challenge2" */ = {
			isa = XCConfigurationList;
			buildConfigurations = (
				B377AEFA1CAF0738000C974E /* Debug */,
				B377AEFB1CAF0738000C974E /* Release */,
			);
			defaultConfigurationIsVisible = 0;
		};
		B377AEFC1CAF0738000C974E /* Build configuration list for PBXNativeTarget "Challenge2Tests" */ = {
			isa = XCConfigurationList;
			buildConfigurations = (
				B377AEFD1CAF0738000C974E /* Debug */,
				B377AEFE1CAF0738000C974E /* Release */,
			);
			defaultConfigurationIsVisible = 0;
		};
/* End XCConfigurationList section */
	};
	rootObject = B377AED41CAF0738000C974E /* Project object */;
}
